
Microsoft Visual Studio Solution File, Format Version 12.00
# Visual Studio Version 17
VisualStudioVersion = 17.3.32901.215
MinimumVisualStudioVersion = 10.0.40219.1
Project("{FAE04EC0-301F-11D3-BF4B-00C04F79EFBC}") = "TestConsol1", "TestConsol1\TestConsol1.csproj", "{D172E2A1-9337-4B7A-97DE-E8A691B976E3}"
EndProject
Global
	GlobalSection(SolutionConfigurationPlatforms) = preSolution
		Debug|Any CPU = Debug|Any CPU
		Release|Any CPU = Release|Any CPU
	EndGlobalSection
	GlobalSection(ProjectConfigurationPlatforms) = postSolution
		{D172E2A1-9337-4B7A-97DE-E8A691B976E3}.Debug|Any CPU.ActiveCfg = Debug|Any CPU
		{D172E2A1-9337-4B7A-97DE-E8A691B976E3}.Debug|Any CPU.Build.0 = Debug|Any CPU
		{D172E2A1-9337-4B7A-97DE-E8A691B976E3}.Release|Any CPU.ActiveCfg = Release|Any CPU
		{D172E2A1-9337-4B7A-97DE-E8A691B976E3}.Release|Any CPU.Build.0 = Release|Any CPU
	EndGlobalSection
	GlobalSection(SolutionProperties) = preSolution
		HideSolutionNode = FALSE
	EndGlobalSection
	GlobalSection(ExtensibilityGlobals) = postSolution
		SolutionGuid = {FC392001-FCD1-46AC-8F83-1017DCBB4030}
	EndGlobalSection
EndGlobal
